
Microsoft Visual Studio Solution File, Format Version 12.00
# Visual Studio 14
VisualStudioVersion = 14.0.25420.1
MinimumVisualStudioVersion = 10.0.40219.1
Project("{FAE04EC0-301F-11D3-BF4B-00C04F79EFBC}") = "AnimationSample", "AnimationSample\AnimationSample\AnimationSample.csproj", "{A2D4F7E6-C4E7-48FE-B81C-F4D22EC9F85C}"
EndProject
Project("{FAE04EC0-301F-11D3-BF4B-00C04F79EFBC}") = "AnimationSample.Droid", "AnimationSample\AnimationSample.Droid\AnimationSample.Droid.csproj", "{5AB540F9-37B3-4A0B-8F24-3D07C4F5C8DE}"
EndProject
Project("{FAE04EC0-301F-11D3-BF4B-00C04F79EFBC}") = "AnimationSample.iOS", "AnimationSample\AnimationSample.iOS\AnimationSample.iOS.csproj", "{B198489B-1A01-4DB2-9E64-354159C241DA}"
EndProject
Project("{FAE04EC0-301F-11D3-BF4B-00C04F79EFBC}") = "AnimationSample.UWP", "AnimationSample\AnimationSample.UWP\AnimationSample.UWP.csproj", "{819A58B8-F622-4551-9234-4B8D307C2FDE}"
EndProject
Global
	GlobalSection(SolutionConfigurationPlatforms) = preSolution
		Ad-Hoc|Any CPU = Ad-Hoc|Any CPU
		Ad-Hoc|ARM = Ad-Hoc|ARM
		Ad-Hoc|iPhone = Ad-Hoc|iPhone
		Ad-Hoc|iPhoneSimulator = Ad-Hoc|iPhoneSimulator
		Ad-Hoc|x64 = Ad-Hoc|x64
		Ad-Hoc|x86 = Ad-Hoc|x86
		AppStore|Any CPU = AppStore|Any CPU
		AppStore|ARM = AppStore|ARM
		AppStore|iPhone = AppStore|iPhone
		AppStore|iPhoneSimulator = AppStore|iPhoneSimulator
		AppStore|x64 = AppStore|x64
		AppStore|x86 = AppStore|x86
		Debug|Any CPU = Debug|Any CPU
		Debug|ARM = Debug|ARM
		Debug|iPhone = Debug|iPhone
		Debug|iPhoneSimulator = Debug|iPhoneSimulator
		Debug|x64 = Debug|x64
		Debug|x86 = Debug|x86
		Release|Any CPU = Release|Any CPU
		Release|ARM = Release|ARM
		Release|iPhone = Release|iPhone
		Release|iPhoneSimulator = Release|iPhoneSimulator
		Release|x64 = Release|x64
		Release|x86 = Release|x86
	EndGlobalSection
	GlobalSection(ProjectConfigurationPlatforms) = postSolution
		{A2D4F7E6-C4E7-48FE-B81C-F4D22EC9F85C}.Ad-Hoc|Any CPU.ActiveCfg = Release|Any CPU
		{A2D4F7E6-C4E7-48FE-B81C-F4D22EC9F85C}.Ad-Hoc|Any CPU.Build.0 = Release|Any CPU
		{A2D4F7E6-C4E7-48FE-B81C-F4D22EC9F85C}.Ad-Hoc|ARM.ActiveCfg = Release|Any CPU
		{A2D4F7E6-C4E7-48FE-B81C-F4D22EC9F85C}.Ad-Hoc|ARM.Build.0 = Release|Any CPU
		{A2D4F7E6-C4E7-48FE-B81C-F4D22EC9F85C}.Ad-Hoc|iPhone.ActiveCfg = Release|Any CPU
		{A2D4F7E6-C4E7-48FE-B81C-F4D22EC9F85C}.Ad-Hoc|iPhone.Build.0 = Release|Any CPU
		{A2D4F7E6-C4E7-48FE-B81C-F4D22EC9F85C}.Ad-Hoc|iPhoneSimulator.ActiveCfg = Release|Any CPU
		{A2D4F7E6-C4E7-48FE-B81C-F4D22EC9F85C}.Ad-Hoc|iPhoneSimulator.Build.0 = Release|Any CPU
		{A2D4F7E6-C4E7-48FE-B81C-F4D22EC9F85C}.Ad-Hoc|x64.ActiveCfg = Release|Any CPU
		{A2D4F7E6-C4E7-48FE-B81C-F4D22EC9F85C}.Ad-Hoc|x64.Build.0 = Release|Any CPU
		{A2D4F7E6-C4E7-48FE-B81C-F4D22EC9F85C}.Ad-Hoc|x86.ActiveCfg = Release|Any CPU
		{A2D4F7E6-C4E7-48FE-B81C-F4D22EC9F85C}.Ad-Hoc|x86.Build.0 = Release|Any CPU
		{A2D4F7E6-C4E7-48FE-B81C-F4D22EC9F85C}.AppStore|Any CPU.ActiveCfg = Release|Any CPU
		{A2D4F7E6-C4E7-48FE-B81C-F4D22EC9F85C}.AppStore|Any CPU.Build.0 = Release|Any CPU
		{A2D4F7E6-C4E7-48FE-B81C-F4D22EC9F85C}.AppStore|ARM.ActiveCfg = Release|Any CPU
		{A2D4F7E6-C4E7-48FE-B81C-F4D22EC9F85C}.AppStore|ARM.Build.0 = Release|Any CPU
		{A2D4F7E6-C4E7-48FE-B81C-F4D22EC9F85C}.AppStore|iPhone.ActiveCfg = Release|Any CPU
		{A2D4F7E6-C4E7-48FE-B81C-F4D22EC9F85C}.AppStore|iPhone.Build.0 = Release|Any CPU
		{A2D4F7E6-C4E7-48FE-B81C-F4D22EC9F85C}.AppStore|iPhoneSimulator.ActiveCfg = Release|Any CPU
		{A2D4F7E6-C4E7-48FE-B81C-F4D22EC9F85C}.AppStore|iPhoneSimulator.Build.0 = Release|Any CPU
		{A2D4F7E6-C4E7-48FE-B81C-F4D22EC9F85C}.AppStore|x64.ActiveCfg = Release|Any CPU
		{A2D4F7E6-C4E7-48FE-B81C-F4D22EC9F85C}.AppStore|x64.Build.0 = Release|Any CPU
		{A2D4F7E6-C4E7-48FE-B81C-F4D22EC9F85C}.AppStore|x86.ActiveCfg = Release|Any CPU
		{A2D4F7E6-C4E7-48FE-B81C-F4D22EC9F85C}.AppStore|x86.Build.0 = Release|Any CPU
		{A2D4F7E6-C4E7-48FE-B81C-F4D22EC9F85C}.Debug|Any CPU.ActiveCfg = Debug|Any CPU
		{A2D4F7E6-C4E7-48FE-B81C-F4D22EC9F85C}.Debug|Any CPU.Build.0 = Debug|Any CPU
		{A2D4F7E6-C4E7-48FE-B81C-F4D22EC9F85C}.Debug|ARM.ActiveCfg = Debug|Any CPU
		{A2D4F7E6-C4E7-48FE-B81C-F4D22EC9F85C}.Debug|ARM.Build.0 = Debug|Any CPU
		{A2D4F7E6-C4E7-48FE-B81C-F4D22EC9F85C}.Debug|iPhone.ActiveCfg = Debug|Any CPU
		{A2D4F7E6-C4E7-48FE-B81C-F4D22EC9F85C}.Debug|iPhone.Build.0 = Debug|Any CPU
		{A2D4F7E6-C4E7-48FE-B81C-F4D22EC9F85C}.Debug|iPhoneSimulator.ActiveCfg = Debug|Any CPU
		{A2D4F7E6-C4E7-48FE-B81C-F4D22EC9F85C}.Debug|iPhoneSimulator.Build.0 = Debug|Any CPU
		{A2D4F7E6-C4E7-48FE-B81C-F4D22EC9F85C}.Debug|x64.ActiveCfg = Debug|Any CPU
		{A2D4F7E6-C4E7-48FE-B81C-F4D22EC9F85C}.Debug|x64.Build.0 = Debug|Any CPU
		{A2D4F7E6-C4E7-48FE-B81C-F4D22EC9F85C}.Debug|x86.ActiveCfg = Debug|Any CPU
		{A2D4F7E6-C4E7-48FE-B81C-F4D22EC9F85C}.Debug|x86.Build.0 = Debug|Any CPU
		{A2D4F7E6-C4E7-48FE-B81C-F4D22EC9F85C}.Release|Any CPU.ActiveCfg = Release|Any CPU
		{A2D4F7E6-C4E7-48FE-B81C-F4D22EC9F85C}.Release|Any CPU.Build.0 = Release|Any CPU
		{A2D4F7E6-C4E7-48FE-B81C-F4D22EC9F85C}.Release|ARM.ActiveCfg = Release|Any CPU
		{A2D4F7E6-C4E7-48FE-B81C-F4D22EC9F85C}.Release|ARM.Build.0 = Release|Any CPU
		{A2D4F7E6-C4E7-48FE-B81C-F4D22EC9F85C}.Release|iPhone.ActiveCfg = Release|Any CPU
		{A2D4F7E6-C4E7-48FE-B81C-F4D22EC9F85C}.Release|iPhone.Build.0 = Release|Any CPU
		{A2D4F7E6-C4E7-48FE-B81C-F4D22EC9F85C}.Release|iPhoneSimulator.ActiveCfg = Release|Any CPU
		{A2D4F7E6-C4E7-48FE-B81C-F4D22EC9F85C}.Release|iPhoneSimulator.Build.0 = Release|Any CPU
		{A2D4F7E6-C4E7-48FE-B81C-F4D22EC9F85C}.Release|x64.ActiveCfg = Release|Any CPU
		{A2D4F7E6-C4E7-48FE-B81C-F4D22EC9F85C}.Release|x64.Build.0 = Release|Any CPU
		{A2D4F7E6-C4E7-48FE-B81C-F4D22EC9F85C}.Release|x86.ActiveCfg = Release|Any CPU
		{A2D4F7E6-C4E7-48FE-B81C-F4D22EC9F85C}.Release|x86.Build.0 = Release|Any CPU
		{5AB540F9-37B3-4A0B-8F24-3D07C4F5C8DE}.Ad-Hoc|Any CPU.ActiveCfg = Release|Any CPU
		{5AB540F9-37B3-4A0B-8F24-3D07C4F5C8DE}.Ad-Hoc|Any CPU.Build.0 = Release|Any CPU
		{5AB540F9-37B3-4A0B-8F24-3D07C4F5C8DE}.Ad-Hoc|Any CPU.Deploy.0 = Release|Any CPU
		{5AB540F9-37B3-4A0B-8F24-3D07C4F5C8DE}.Ad-Hoc|ARM.ActiveCfg = Release|Any CPU
		{5AB540F9-37B3-4A0B-8F24-3D07C4F5C8DE}.Ad-Hoc|ARM.Build.0 = Release|Any CPU
		{5AB540F9-37B3-4A0B-8F24-3D07C4F5C8DE}.Ad-Hoc|ARM.Deploy.0 = Release|Any CPU
		{5AB540F9-37B3-4A0B-8F24-3D07C4F5C8DE}.Ad-Hoc|iPhone.ActiveCfg = Release|Any CPU
		{5AB540F9-37B3-4A0B-8F24-3D07C4F5C8DE}.Ad-Hoc|iPhone.Build.0 = Release|Any CPU
		{5AB540F9-37B3-4A0B-8F24-3D07C4F5C8DE}.Ad-Hoc|iPhone.Deploy.0 = Release|Any CPU
		{5AB540F9-37B3-4A0B-8F24-3D07C4F5C8DE}.Ad-Hoc|iPhoneSimulator.ActiveCfg = Release|Any CPU
		{5AB540F9-37B3-4A0B-8F24-3D07C4F5C8DE}.Ad-Hoc|iPhoneSimulator.Build.0 = Release|Any CPU
		{5AB540F9-37B3-4A0B-8F24-3D07C4F5C8DE}.Ad-Hoc|iPhoneSimulator.Deploy.0 = Release|Any CPU
		{5AB540F9-37B3-4A0B-8F24-3D07C4F5C8DE}.Ad-Hoc|x64.ActiveCfg = Release|Any CPU
		{5AB540F9-37B3-4A0B-8F24-3D07C4F5C8DE}.Ad-Hoc|x64.Build.0 = Release|Any CPU
		{5AB540F9-37B3-4A0B-8F24-3D07C4F5C8DE}.Ad-Hoc|x64.Deploy.0 = Release|Any CPU
		{5AB540F9-37B3-4A0B-8F24-3D07C4F5C8DE}.Ad-Hoc|x86.ActiveCfg = Release|Any CPU
		{5AB540F9-37B3-4A0B-8F24-3D07C4F5C8DE}.Ad-Hoc|x86.Build.0 = Release|Any CPU
		{5AB540F9-37B3-4A0B-8F24-3D07C4F5C8DE}.Ad-Hoc|x86.Deploy.0 = Release|Any CPU
		{5AB540F9-37B3-4A0B-8F24-3D07C4F5C8DE}.AppStore|Any CPU.ActiveCfg = Release|Any CPU
		{5AB540F9-37B3-4A0B-8F24-3D07C4F5C8DE}.AppStore|Any CPU.Build.0 = Release|Any CPU
		{5AB540F9-37B3-4A0B-8F24-3D07C4F5C8DE}.AppStore|Any CPU.Deploy.0 = Release|Any CPU
		{5AB540F9-37B3-4A0B-8F24-3D07C4F5C8DE}.AppStore|ARM.ActiveCfg = Release|Any CPU
		{5AB540F9-37B3-4A0B-8F24-3D07C4F5C8DE}.AppStore|ARM.Build.0 = Release|Any CPU
		{5AB540F9-37B3-4A0B-8F24-3D07C4F5C8DE}.AppStore|ARM.Deploy.0 = Release|Any CPU
		{5AB540F9-37B3-4A0B-8F24-3D07C4F5C8DE}.AppStore|iPhone.ActiveCfg = Release|Any CPU
		{5AB540F9-37B3-4A0B-8F24-3D07C4F5C8DE}.AppStore|iPhone.Build.0 = Release|Any CPU
		{5AB540F9-37B3-4A0B-8F24-3D07C4F5C8DE}.AppStore|iPhone.Deploy.0 = Release|Any CPU
		{5AB540F9-37B3-4A0B-8F24-3D07C4F5C8DE}.AppStore|iPhoneSimulator.ActiveCfg = Release|Any CPU
		{5AB540F9-37B3-4A0B-8F24-3D07C4F5C8DE}.AppStore|iPhoneSimulator.Build.0 = Release|Any CPU
		{5AB540F9-37B3-4A0B-8F24-3D07C4F5C8DE}.AppStore|iPhoneSimulator.Deploy.0 = Release|Any CPU
		{5AB540F9-37B3-4A0B-8F24-3D07C4F5C8DE}.AppStore|x64.ActiveCfg = Release|Any CPU
		{5AB540F9-37B3-4A0B-8F24-3D07C4F5C8DE}.AppStore|x64.Build.0 = Release|Any CPU
		{5AB540F9-37B3-4A0B-8F24-3D07C4F5C8DE}.AppStore|x64.Deploy.0 = Release|Any CPU
		{5AB540F9-37B3-4A0B-8F24-3D07C4F5C8DE}.AppStore|x86.ActiveCfg = Release|Any CPU
		{5AB540F9-37B3-4A0B-8F24-3D07C4F5C8DE}.AppStore|x86.Build.0 = Release|Any CPU
		{5AB540F9-37B3-4A0B-8F24-3D07C4F5C8DE}.AppStore|x86.Deploy.0 = Release|Any CPU
		{5AB540F9-37B3-4A0B-8F24-3D07C4F5C8DE}.Debug|Any CPU.ActiveCfg = Debug|Any CPU
		{5AB540F9-37B3-4A0B-8F24-3D07C4F5C8DE}.Debug|Any CPU.Build.0 = Debug|Any CPU
		{5AB540F9-37B3-4A0B-8F24-3D07C4F5C8DE}.Debug|Any CPU.Deploy.0 = Debug|Any CPU
		{5AB540F9-37B3-4A0B-8F24-3D07C4F5C8DE}.Debug|ARM.ActiveCfg = Debug|Any CPU
		{5AB540F9-37B3-4A0B-8F24-3D07C4F5C8DE}.Debug|ARM.Build.0 = Debug|Any CPU
		{5AB540F9-37B3-4A0B-8F24-3D07C4F5C8DE}.Debug|ARM.Deploy.0 = Debug|Any CPU
		{5AB540F9-37B3-4A0B-8F24-3D07C4F5C8DE}.Debug|iPhone.ActiveCfg = Debug|Any CPU
		{5AB540F9-37B3-4A0B-8F24-3D07C4F5C8DE}.Debug|iPhone.Build.0 = Debug|Any CPU
		{5AB540F9-37B3-4A0B-8F24-3D07C4F5C8DE}.Debug|iPhone.Deploy.0 = Debug|Any CPU
		{5AB540F9-37B3-4A0B-8F24-3D07C4F5C8DE}.Debug|iPhoneSimulator.ActiveCfg = Debug|Any CPU
		{5AB540F9-37B3-4A0B-8F24-3D07C4F5C8DE}.Debug|iPhoneSimulator.Build.0 = Debug|Any CPU
		{5AB540F9-37B3-4A0B-8F24-3D07C4F5C8DE}.Debug|iPhoneSimulator.Deploy.0 = Debug|Any CPU
		{5AB540F9-37B3-4A0B-8F24-3D07C4F5C8DE}.Debug|x64.ActiveCfg = Debug|Any CPU
		{5AB540F9-37B3-4A0B-8F24-3D07C4F5C8DE}.Debug|x64.Build.0 = Debug|Any CPU
		{5AB540F9-37B3-4A0B-8F24-3D07C4F5C8DE}.Debug|x64.Deploy.0 = Debug|Any CPU
		{5AB540F9-37B3-4A0B-8F24-3D07C4F5C8DE}.Debug|x86.ActiveCfg = Debug|Any CPU
		{5AB540F9-37B3-4A0B-8F24-3D07C4F5C8DE}.Debug|x86.Build.0 = Debug|Any CPU
		{5AB540F9-37B3-4A0B-8F24-3D07C4F5C8DE}.Debug|x86.Deploy.0 = Debug|Any CPU
		{5AB540F9-37B3-4A0B-8F24-3D07C4F5C8DE}.Release|Any CPU.ActiveCfg = Release|Any CPU
		{5AB540F9-37B3-4A0B-8F24-3D07C4F5C8DE}.Release|Any CPU.Build.0 = Release|Any CPU
		{5AB540F9-37B3-4A0B-8F24-3D07C4F5C8DE}.Release|Any CPU.Deploy.0 = Release|Any CPU
		{5AB540F9-37B3-4A0B-8F24-3D07C4F5C8DE}.Release|ARM.ActiveCfg = Release|Any CPU
		{5AB540F9-37B3-4A0B-8F24-3D07C4F5C8DE}.Release|ARM.Build.0 = Release|Any CPU
		{5AB540F9-37B3-4A0B-8F24-3D07C4F5C8DE}.Release|ARM.Deploy.0 = Release|Any CPU
		{5AB540F9-37B3-4A0B-8F24-3D07C4F5C8DE}.Release|iPhone.ActiveCfg = Release|Any CPU
		{5AB540F9-37B3-4A0B-8F24-3D07C4F5C8DE}.Release|iPhone.Build.0 = Release|Any CPU
		{5AB540F9-37B3-4A0B-8F24-3D07C4F5C8DE}.Release|iPhone.Deploy.0 = Release|Any CPU
		{5AB540F9-37B3-4A0B-8F24-3D07C4F5C8DE}.Release|iPhoneSimulator.ActiveCfg = Release|Any CPU
		{5AB540F9-37B3-4A0B-8F24-3D07C4F5C8DE}.Release|iPhoneSimulator.Build.0 = Release|Any CPU
		{5AB540F9-37B3-4A0B-8F24-3D07C4F5C8DE}.Release|iPhoneSimulator.Deploy.0 = Release|Any CPU
		{5AB540F9-37B3-4A0B-8F24-3D07C4F5C8DE}.Release|x64.ActiveCfg = Release|Any CPU
		{5AB540F9-37B3-4A0B-8F24-3D07C4F5C8DE}.Release|x64.Build.0 = Release|Any CPU
		{5AB540F9-37B3-4A0B-8F24-3D07C4F5C8DE}.Release|x64.Deploy.0 = Release|Any CPU
		{5AB540F9-37B3-4A0B-8F24-3D07C4F5C8DE}.Release|x86.ActiveCfg = Release|Any CPU
		{5AB540F9-37B3-4A0B-8F24-3D07C4F5C8DE}.Release|x86.Build.0 = Release|Any CPU
		{5AB540F9-37B3-4A0B-8F24-3D07C4F5C8DE}.Release|x86.Deploy.0 = Release|Any CPU
		{B198489B-1A01-4DB2-9E64-354159C241DA}.Ad-Hoc|Any CPU.ActiveCfg = Ad-Hoc|iPhone
		{B198489B-1A01-4DB2-9E64-354159C241DA}.Ad-Hoc|ARM.ActiveCfg = Ad-Hoc|iPhone
		{B198489B-1A01-4DB2-9E64-354159C241DA}.Ad-Hoc|iPhone.ActiveCfg = Ad-Hoc|iPhone
		{B198489B-1A01-4DB2-9E64-354159C241DA}.Ad-Hoc|iPhone.Build.0 = Ad-Hoc|iPhone
		{B198489B-1A01-4DB2-9E64-354159C241DA}.Ad-Hoc|iPhoneSimulator.ActiveCfg = Ad-Hoc|iPhoneSimulator
		{B198489B-1A01-4DB2-9E64-354159C241DA}.Ad-Hoc|iPhoneSimulator.Build.0 = Ad-Hoc|iPhoneSimulator
		{B198489B-1A01-4DB2-9E64-354159C241DA}.Ad-Hoc|x64.ActiveCfg = Ad-Hoc|iPhone
		{B198489B-1A01-4DB2-9E64-354159C241DA}.Ad-Hoc|x86.ActiveCfg = Ad-Hoc|iPhone
		{B198489B-1A01-4DB2-9E64-354159C241DA}.AppStore|Any CPU.ActiveCfg = AppStore|iPhone
		{B198489B-1A01-4DB2-9E64-354159C241DA}.AppStore|ARM.ActiveCfg = AppStore|iPhone
		{B198489B-1A01-4DB2-9E64-354159C241DA}.AppStore|iPhone.ActiveCfg = AppStore|iPhone
		{B198489B-1A01-4DB2-9E64-354159C241DA}.AppStore|iPhone.Build.0 = AppStore|iPhone
		{B198489B-1A01-4DB2-9E64-354159C241DA}.AppStore|iPhoneSimulator.ActiveCfg = AppStore|iPhoneSimulator
		{B198489B-1A01-4DB2-9E64-354159C241DA}.AppStore|iPhoneSimulator.Build.0 = AppStore|iPhoneSimulator
		{B198489B-1A01-4DB2-9E64-354159C241DA}.AppStore|x64.ActiveCfg = AppStore|iPhone
		{B198489B-1A01-4DB2-9E64-354159C241DA}.AppStore|x86.ActiveCfg = AppStore|iPhone
		{B198489B-1A01-4DB2-9E64-354159C241DA}.Debug|Any CPU.ActiveCfg = Debug|iPhone
		{B198489B-1A01-4DB2-9E64-354159C241DA}.Debug|ARM.ActiveCfg = Debug|iPhone
		{B198489B-1A01-4DB2-9E64-354159C241DA}.Debug|iPhone.ActiveCfg = Debug|iPhone
		{B198489B-1A01-4DB2-9E64-354159C241DA}.Debug|iPhoneSimulator.ActiveCfg = Debug|iPhoneSimulator
		{B198489B-1A01-4DB2-9E64-354159C241DA}.Debug|iPhoneSimulator.Build.0 = Debug|iPhoneSimulator
		{B198489B-1A01-4DB2-9E64-354159C241DA}.Debug|x64.ActiveCfg = Debug|iPhone
		{B198489B-1A01-4DB2-9E64-354159C241DA}.Debug|x86.ActiveCfg = Debug|iPhone
		{B198489B-1A01-4DB2-9E64-354159C241DA}.Release|Any CPU.ActiveCfg = Release|iPhone
		{B198489B-1A01-4DB2-9E64-354159C241DA}.Release|ARM.ActiveCfg = Release|iPhone
		{B198489B-1A01-4DB2-9E64-354159C241DA}.Release|iPhone.ActiveCfg = Release|iPhone
		{B198489B-1A01-4DB2-9E64-354159C241DA}.Release|iPhone.Build.0 = Release|iPhone
		{B198489B-1A01-4DB2-9E64-354159C241DA}.Release|iPhoneSimulator.ActiveCfg = Release|iPhoneSimulator
		{B198489B-1A01-4DB2-9E64-354159C241DA}.Release|iPhoneSimulator.Build.0 = Release|iPhoneSimulator
		{B198489B-1A01-4DB2-9E64-354159C241DA}.Release|x64.ActiveCfg = Release|iPhone
		{B198489B-1A01-4DB2-9E64-354159C241DA}.Release|x86.ActiveCfg = Release|iPhone
		{819A58B8-F622-4551-9234-4B8D307C2FDE}.Ad-Hoc|Any CPU.ActiveCfg = Release|x86
		{819A58B8-F622-4551-9234-4B8D307C2FDE}.Ad-Hoc|Any CPU.Build.0 = Release|x86
		{819A58B8-F622-4551-9234-4B8D307C2FDE}.Ad-Hoc|Any CPU.Deploy.0 = Release|x86
		{819A58B8-F622-4551-9234-4B8D307C2FDE}.Ad-Hoc|ARM.ActiveCfg = Release|ARM
		{819A58B8-F622-4551-9234-4B8D307C2FDE}.Ad-Hoc|ARM.Build.0 = Release|ARM
		{819A58B8-F622-4551-9234-4B8D307C2FDE}.Ad-Hoc|ARM.Deploy.0 = Release|ARM
		{819A58B8-F622-4551-9234-4B8D307C2FDE}.Ad-Hoc|iPhone.ActiveCfg = Release|x86
		{819A58B8-F622-4551-9234-4B8D307C2FDE}.Ad-Hoc|iPhone.Build.0 = Release|x86
		{819A58B8-F622-4551-9234-4B8D307C2FDE}.Ad-Hoc|iPhone.Deploy.0 = Release|x86
		{819A58B8-F622-4551-9234-4B8D307C2FDE}.Ad-Hoc|iPhoneSimulator.ActiveCfg = Release|x86
		{819A58B8-F622-4551-9234-4B8D307C2FDE}.Ad-Hoc|iPhoneSimulator.Build.0 = Release|x86
		{819A58B8-F622-4551-9234-4B8D307C2FDE}.Ad-Hoc|iPhoneSimulator.Deploy.0 = Release|x86
		{819A58B8-F622-4551-9234-4B8D307C2FDE}.Ad-Hoc|x64.ActiveCfg = Release|x64
		{819A58B8-F622-4551-9234-4B8D307C2FDE}.Ad-Hoc|x64.Build.0 = Release|x64
		{819A58B8-F622-4551-9234-4B8D307C2FDE}.Ad-Hoc|x64.Deploy.0 = Release|x64
		{819A58B8-F622-4551-9234-4B8D307C2FDE}.Ad-Hoc|x86.ActiveCfg = Release|x86
		{819A58B8-F622-4551-9234-4B8D307C2FDE}.Ad-Hoc|x86.Build.0 = Release|x86
		{819A58B8-F622-4551-9234-4B8D307C2FDE}.Ad-Hoc|x86.Deploy.0 = Release|x86
		{819A58B8-F622-4551-9234-4B8D307C2FDE}.AppStore|Any CPU.ActiveCfg = Release|x86
		{819A58B8-F622-4551-9234-4B8D307C2FDE}.AppStore|Any CPU.Build.0 = Release|x86
		{819A58B8-F622-4551-9234-4B8D307C2FDE}.AppStore|Any CPU.Deploy.0 = Release|x86
		{819A58B8-F622-4551-9234-4B8D307C2FDE}.AppStore|ARM.ActiveCfg = Release|ARM
		{819A58B8-F622-4551-9234-4B8D307C2FDE}.AppStore|ARM.Build.0 = Release|ARM
		{819A58B8-F622-4551-9234-4B8D307C2FDE}.AppStore|ARM.Deploy.0 = Release|ARM
		{819A58B8-F622-4551-9234-4B8D307C2FDE}.AppStore|iPhone.ActiveCfg = Release|x86
		{819A58B8-F622-4551-9234-4B8D307C2FDE}.AppStore|iPhone.Build.0 = Release|x86
		{819A58B8-F622-4551-9234-4B8D307C2FDE}.AppStore|iPhone.Deploy.0 = Release|x86
		{819A58B8-F622-4551-9234-4B8D307C2FDE}.AppStore|iPhoneSimulator.ActiveCfg = Release|x86
		{819A58B8-F622-4551-9234-4B8D307C2FDE}.AppStore|iPhoneSimulator.Build.0 = Release|x86
		{819A58B8-F622-4551-9234-4B8D307C2FDE}.AppStore|iPhoneSimulator.Deploy.0 = Release|x86
		{819A58B8-F622-4551-9234-4B8D307C2FDE}.AppStore|x64.ActiveCfg = Release|x64
		{819A58B8-F622-4551-9234-4B8D307C2FDE}.AppStore|x64.Build.0 = Release|x64
		{819A58B8-F622-4551-9234-4B8D307C2FDE}.AppStore|x64.Deploy.0 = Release|x64
		{819A58B8-F622-4551-9234-4B8D307C2FDE}.AppStore|x86.ActiveCfg = Release|x86
		{819A58B8-F622-4551-9234-4B8D307C2FDE}.AppStore|x86.Build.0 = Release|x86
		{819A58B8-F622-4551-9234-4B8D307C2FDE}.AppStore|x86.Deploy.0 = Release|x86
		{819A58B8-F622-4551-9234-4B8D307C2FDE}.Debug|Any CPU.ActiveCfg = Debug|x86
		{819A58B8-F622-4551-9234-4B8D307C2FDE}.Debug|ARM.ActiveCfg = Debug|ARM
		{819A58B8-F622-4551-9234-4B8D307C2FDE}.Debug|ARM.Build.0 = Debug|ARM
		{819A58B8-F622-4551-9234-4B8D307C2FDE}.Debug|ARM.Deploy.0 = Debug|ARM
		{819A58B8-F622-4551-9234-4B8D307C2FDE}.Debug|iPhone.ActiveCfg = Debug|x86
		{819A58B8-F622-4551-9234-4B8D307C2FDE}.Debug|iPhone.Build.0 = Debug|x86
		{819A58B8-F622-4551-9234-4B8D307C2FDE}.Debug|iPhone.Deploy.0 = Debug|x86
		{819A58B8-F622-4551-9234-4B8D307C2FDE}.Debug|iPhoneSimulator.ActiveCfg = Debug|x86
		{819A58B8-F622-4551-9234-4B8D307C2FDE}.Debug|x64.ActiveCfg = Debug|x64
		{819A58B8-F622-4551-9234-4B8D307C2FDE}.Debug|x64.Build.0 = Debug|x64
		{819A58B8-F622-4551-9234-4B8D307C2FDE}.Debug|x64.Deploy.0 = Debug|x64
		{819A58B8-F622-4551-9234-4B8D307C2FDE}.Debug|x86.ActiveCfg = Debug|x86
		{819A58B8-F622-4551-9234-4B8D307C2FDE}.Debug|x86.Build.0 = Debug|x86
		{819A58B8-F622-4551-9234-4B8D307C2FDE}.Debug|x86.Deploy.0 = Debug|x86
		{819A58B8-F622-4551-9234-4B8D307C2FDE}.Release|Any CPU.ActiveCfg = Release|x86
		{819A58B8-F622-4551-9234-4B8D307C2FDE}.Release|ARM.ActiveCfg = Release|ARM
		{819A58B8-F622-4551-9234-4B8D307C2FDE}.Release|ARM.Build.0 = Release|ARM
		{819A58B8-F622-4551-9234-4B8D307C2FDE}.Release|ARM.Deploy.0 = Release|ARM
		{819A58B8-F622-4551-9234-4B8D307C2FDE}.Release|iPhone.ActiveCfg = Release|x86
		{819A58B8-F622-4551-9234-4B8D307C2FDE}.Release|iPhoneSimulator.ActiveCfg = Release|x86
		{819A58B8-F622-4551-9234-4B8D307C2FDE}.Release|x64.ActiveCfg = Release|x64
		{819A58B8-F622-4551-9234-4B8D307C2FDE}.Release|x64.Build.0 = Release|x64
		{819A58B8-F622-4551-9234-4B8D307C2FDE}.Release|x64.Deploy.0 = Release|x64
		{819A58B8-F622-4551-9234-4B8D307C2FDE}.Release|x86.ActiveCfg = Release|x86
		{819A58B8-F622-4551-9234-4B8D307C2FDE}.Release|x86.Build.0 = Release|x86
		{819A58B8-F622-4551-9234-4B8D307C2FDE}.Release|x86.Deploy.0 = Release|x86
	EndGlobalSection
	GlobalSection(SolutionProperties) = preSolution
		HideSolutionNode = FALSE
	EndGlobalSection
EndGlobal
